<?xml version="1.0" encoding="utf-8"?>
<Project ToolsVersion="4.0" xmlns="http://schemas.microsoft.com/developer/msbuild/2003">
  <ItemGroup>
    <Filter Include="Source Files">
      <UniqueIdentifier>{E9C7FDCE-D52A-8D73-7EB0-C5296AF258F6}</UniqueIdentifier>
    </Filter>
  </ItemGroup>
  <ItemGroup>
    <ClInclude Include="src\Axiom\Axiom.h">
      <Filter>Source Files</Filter>
    </ClInclude>
    <ClInclude Include="src\Axiom\Core\Application.h">
      <Filter>Source Files</Filter>
    </ClInclude>
    <ClInclude Include="src\Axiom\Core\Assert.h">
      <Filter>Source Files</Filter>
    </ClInclude>
    <ClInclude Include="src\Axiom\Core\Base.h">
      <Filter>Source Files</Filter>
    </ClInclude>
    <ClInclude Include="src\Axiom\Core\EntryPoint.h">
      <Filter>Source Files</Filter>
    </ClInclude>
    <ClInclude Include="src\Axiom\Core\Input.h">
      <Filter>Source Files</Filter>
    </ClInclude>
    <ClInclude Include="src\Axiom\Core\KeyCodes.h">
      <Filter>Source Files</Filter>
    </ClInclude>
    <ClInclude Include="src\Axiom\Core\Layer.h">
      <Filter>Source Files</Filter>
    </ClInclude>
    <ClInclude Include="src\Axiom\Core\LayerStack.h">
      <Filter>Source Files</Filter>
    </ClInclude>
    <ClInclude Include="src\Axiom\Core\Log.h">
      <Filter>Source Files</Filter>
    </ClInclude>
    <ClInclude Include="src\Axiom\Core\Logger.h">
      <Filter>Source Files</Filter>
    </ClInclude>
    <ClInclude Include="src\Axiom\Core\MouseButtonCodes.h">
      <Filter>Source Files</Filter>
    </ClInclude>
    <ClInclude Include="src\Axiom\Core\Window.h">
      <Filter>Source Files</Filter>
    </ClInclude>
    <ClInclude Include="src\Axiom\Event\ApplicationEvent.h">
      <Filter>Source Files</Filter>
    </ClInclude>
    <ClInclude Include="src\Axiom\Event\Event.h">
      <Filter>Source Files</Filter>
    </ClInclude>
    <ClInclude Include="src\Axiom\Event\KeyCodes.h">
      <Filter>Source Files</Filter>
    </ClInclude>
    <ClInclude Include="src\Axiom\Event\KeyEvent.h">
      <Filter>Source Files</Filter>
    </ClInclude>
    <ClInclude Include="src\Axiom\Event\MouseEvent.h">
      <Filter>Source Files</Filter>
    </ClInclude>
    <ClInclude Include="src\Axiom\ImGui\ImGuiLayer.h">
      <Filter>Source Files</Filter>
    </ClInclude>
    <ClInclude Include="src\Axiom\Renderer\GraphicsDevice.h">
      <Filter>Source Files</Filter>
    </ClInclude>
    <ClInclude Include="src\Axiom\Renderer\Pipeline.h">
      <Filter>Source Files</Filter>
    </ClInclude>
    <ClInclude Include="src\Axiom\Renderer\Shader.h">
      <Filter>Source Files</Filter>
    </ClInclude>
    <ClInclude Include="src\Platform\Vulkan\VulkanDevice.h">
      <Filter>Source Files</Filter>
    </ClInclude>
    <ClInclude Include="src\Platform\Vulkan\VulkanPipeline.h">
      <Filter>Source Files</Filter>
    </ClInclude>
    <ClInclude Include="src\Platform\Windows\Win32Window.h">
      <Filter>Source Files</Filter>
    </ClInclude>
    <ClInclude Include="src\Platform\Windows\WindowsInput.h">
      <Filter>Source Files</Filter>
    </ClInclude>
    <ClInclude Include="src\axpch.h">
      <Filter>Source Files</Filter>
    </ClInclude>
  </ItemGroup>
  <ItemGroup>
    <ClCompile Include="src\Axiom\Core\Application.cpp">
      <Filter>Source Files</Filter>
    </ClCompile>
    <ClCompile Include="src\Axiom\Core\Layer.cpp">
      <Filter>Source Files</Filter>
    </ClCompile>
    <ClCompile Include="src\Axiom\Core\LayerStack.cpp">
      <Filter>Source Files</Filter>
    </ClCompile>
    <ClCompile Include="src\Axiom\Core\Log.cpp">
      <Filter>Source Files</Filter>
    </ClCompile>
    <ClCompile Include="src\Axiom\Core\Logger.cpp">
      <Filter>Source Files</Filter>
    </ClCompile>
    <ClCompile Include="src\Axiom\Core\Window.cpp">
      <Filter>Source Files</Filter>
    </ClCompile>
    <ClCompile Include="src\Axiom\ImGui\ImGuiLayer.cpp">
      <Filter>Source Files</Filter>
    </ClCompile>
    <ClCompile Include="src\Axiom\Renderer\GraphicsDevice.cpp">
      <Filter>Source Files</Filter>
    </ClCompile>
    <ClCompile Include="src\Axiom\Renderer\Shader.cpp">
      <Filter>Source Files</Filter>
    </ClCompile>
    <ClCompile Include="src\Platform\Vulkan\VulkanDevice.cpp">
      <Filter>Source Files</Filter>
    </ClCompile>
    <ClCompile Include="src\Platform\Vulkan\VulkanPipeline.cpp">
      <Filter>Source Files</Filter>
    </ClCompile>
    <ClCompile Include="src\Platform\Windows\Win32Window.cpp">
      <Filter>Source Files</Filter>
    </ClCompile>
    <ClCompile Include="src\Platform\Windows\WindowsInput.cpp">
      <Filter>Source Files</Filter>
    </ClCompile>
    <ClCompile Include="src\axpch.cpp">
      <Filter>Source Files</Filter>
    </ClCompile>
  </ItemGroup>
</Project>